
Microsoft Visual Studio Solution File, Format Version 12.00
# Visual Studio Version 16
VisualStudioVersion = 16.0.30225.117
MinimumVisualStudioVersion = 10.0.40219.1
Project("{FAE04EC0-301F-11D3-BF4B-00C04F79EFBC}") = "BSCS181041", "BSCS181041.csproj", "{1A21E7F7-BD1A-4F6C-A932-EAC2BBDF3919}"
EndProject
Global
	GlobalSection(SolutionConfigurationPlatforms) = preSolution
		Debug|Any CPU = Debug|Any CPU
		Release|Any CPU = Release|Any CPU
	EndGlobalSection
	GlobalSection(ProjectConfigurationPlatforms) = postSolution
		{1A21E7F7-BD1A-4F6C-A932-EAC2BBDF3919}.Debug|Any CPU.ActiveCfg = Debug|Any CPU
		{1A21E7F7-BD1A-4F6C-A932-EAC2BBDF3919}.Debug|Any CPU.Build.0 = Debug|Any CPU
		{1A21E7F7-BD1A-4F6C-A932-EAC2BBDF3919}.Release|Any CPU.ActiveCfg = Release|Any CPU
		{1A21E7F7-BD1A-4F6C-A932-EAC2BBDF3919}.Release|Any CPU.Build.0 = Release|Any CPU
	EndGlobalSection
	GlobalSection(SolutionProperties) = preSolution
		HideSolutionNode = FALSE
	EndGlobalSection
	GlobalSection(ExtensibilityGlobals) = postSolution
		SolutionGuid = {0992BF7E-921F-4439-B668-84DF3615F19F}
	EndGlobalSection
EndGlobal
